github.com/Knetic/govaluate v3.0.1-0.20171022003610-9aa49832a739+incompatible h1:1G1pk05UrOh0NlF1oeaaix1x8XzrfjIDK47TY0Zehcw=
github.com/Knetic/govaluate v3.0.1-0.20171022003610-9aa49832a739+incompatible/go.mod h1:r7JcOSlj0wfOMncg0iLm8Leh48TZaKVeNIfJntJ2wa0=
github.com/alexedwards/scs/redisstore v0.0.0-20200528164450-40c2a5f7eae8 h1:YFziSiA8jIodta1eiyR7qNMxJ8n9AXZ/jJ5qF1rWFpw=
github.com/alexedwards/scs/redisstore v0.0.0-20200528164450-40c2a5f7eae8/go.mod h1:ceKFatoD+hfHWWeHOAYue1J+XgOJjE7dw8l3JtIRTGY=
github.com/alexedwards/scs/v2 v2.3.1 h1:GnWuDjL2m0ZVjeiCnnKhFVr/zafkgknmOJ5KaZx1rec=
github.com/alexedwards/scs/v2 v2.3.1/go.mod h1:ToaROZxyKukJKT/xLcVQAChi5k6+Pn1Gvmdl7h3RRj8=
github.com/casbin/casbin v1.9.1 h1:ucjbS5zTrmSLtH4XogqOG920Poe6QatdXtz1FEbApeM=
github.com/casbin/casbin v1.9.1/go.mod h1:z8uPsfBJGUsnkagrt3G8QvjgTKFMBJ32UP8HpZllfog=
github.com/davecgh/go-spew v1.1.0/go.mod h1:J7Y8YcW2NihsgmVo/mv3lAwl/skON4iLHjSsI+c5H38=
github.com/gomodule/redigo v1.8.0/go.mod h1:P9dn9mFrCBvWhGE1wpxx6fgq7BAeLBk+UUUzlpkBYO0=
github.com/gomodule/redigo v2.0.0+incompatible h1:K/R+8tc58AaqLkqG2Ol3Qk+DR/TlNuhuh457pBFPtt0=
github.com/gomodule/redigo v2.0.0+incompatible/go.mod h1:B4C85qUVwatsJoIUNIfCRsp7qO0iAmpGFZ4EELWSbC4=
github.com/pmezard/go-difflib v1.0.0/go.mod h1:iKH77koFhYxTK1pcRnkKkqfTogsbg7gZNVY4sRDYZ/4=
github.com/stretchr/objx v0.1.0/go.mod h1:HFkY916IF+rwdDfMAkV7OtwuqBVzrE8GR6GFx+wExME=
github.com/stretchr/testify v1.5.1/go.mod h1:5W2xD1RspED5o8YsWQXVCued0rvSQ+mT+I5cxcmMvtA=
gopkg.in/check.v1 v0.0.0-20161208181325-20d25e280405/go.mod h1:Co6ibVJAznAaIkqp8huTwlJQCZ016jof/cbN4VW5Yz0=
gopkg.in/yaml.v2 v2.2.2/go.mod h1:hI93XBmqTisBFMUTm0b8Fm+jr3Dg1NNxqwp+5A1VGuI=
